
Microsoft Visual Studio Solution File, Format Version 12.00
Project("{FAE04EC0-301F-11D3-BF4B-00C04F79EFBC}") = "AVFoundation", "AVFoundation\AVFoundation.csproj", "{A8C51049-EA46-4F9A-8AC1-EE740FE90685}"
EndProject
Project("{FAE04EC0-301F-11D3-BF4B-00C04F79EFBC}") = "CoreLibs", "CoreLibs\CoreLibs.csproj", "{52E77B14-4B82-48AB-AEDE-6B52C79F0226}"
EndProject
Global
	GlobalSection(SolutionConfigurationPlatforms) = preSolution
		Debug|Any CPU = Debug|Any CPU
		Release|Any CPU = Release|Any CPU
	EndGlobalSection
	GlobalSection(ProjectConfigurationPlatforms) = postSolution
		{A8C51049-EA46-4F9A-8AC1-EE740FE90685}.Debug|Any CPU.ActiveCfg = Debug|Any CPU
		{A8C51049-EA46-4F9A-8AC1-EE740FE90685}.Debug|Any CPU.Build.0 = Debug|Any CPU
		{A8C51049-EA46-4F9A-8AC1-EE740FE90685}.Release|Any CPU.ActiveCfg = Release|Any CPU
		{A8C51049-EA46-4F9A-8AC1-EE740FE90685}.Release|Any CPU.Build.0 = Release|Any CPU
		{52E77B14-4B82-48AB-AEDE-6B52C79F0226}.Debug|Any CPU.ActiveCfg = Debug|Any CPU
		{52E77B14-4B82-48AB-AEDE-6B52C79F0226}.Debug|Any CPU.Build.0 = Debug|Any CPU
		{52E77B14-4B82-48AB-AEDE-6B52C79F0226}.Release|Any CPU.ActiveCfg = Release|Any CPU
		{52E77B14-4B82-48AB-AEDE-6B52C79F0226}.Release|Any CPU.Build.0 = Release|Any CPU
	EndGlobalSection
EndGlobal
